# Hash-pinned runtime dependencies for Budget Tracker 0.1.0 (macOS, Python 3.9 to 3.14).
# Generated from requirements.txt. Install with:
#   pip install --require-hashes --only-binary=:all: -r requirements.lock
# Only macOS and platform-independent wheels are listed; no source builds are allowed.

Flask==3.1.3 \
    --hash=sha256:f4bcbefc124291925f1a26446da31a5178f9483862233b23c0c96a20701f670c
pdfplumber==0.11.8 \
    --hash=sha256:7dda117b8ed21bca9c8e7d7808fee2439f93c8bd6ea45989bfb1aead6dc3cad3
blinker==1.9.0 \
    --hash=sha256:ba0efaa9080b619ff2f3459d1d500c57bddea4a6b424b60a91141db6fd2f08bc
cffi==2.0.0 \
    --hash=sha256:00bdf7acc5f795150faa6957054fbbca2439db2f775ce831222b66f192f03beb \
    --hash=sha256:0cf2d91ecc3fcc0625c2c530fe004f82c110405f101548512cce44322fa8ac44 \
    --hash=sha256:2de9a304e27f7596cd03d16f1b7c72219bd944e99cc52b84d0145aefb07cbd3c \
    --hash=sha256:45d5e886156860dc35862657e1494b9bae8dfa63bf56796f2fb56e1679fc0bca \
    --hash=sha256:6d02d6655b0e54f54c4ef0b94eb6be0607b70853c45ce98bd278dc7de718be5d \
    --hash=sha256:7a66c7204d8869299919db4d5069a82f1561581af12b11b3c9f48c584eb8743d \
    --hash=sha256:8eca2a813c1cb7ad4fb74d368c2ffbbb4789d377ee5bb8df98373c2cc0dee76c \
    --hash=sha256:9a67fc9e8eb39039280526379fb3a70023d77caec1852002b4da7e8b270c4dd9 \
    --hash=sha256:b4c854ef3adc177950a8dfc81a86f5115d2abd545751a304c5bcf2c2c7283cfe \
    --hash=sha256:c654de545946e0db659b3400168c9ad31b5d29593291482c43e3564effbcee13 \
    --hash=sha256:de8dad4425a6ca6e4e5e297b27b5c824ecc7581910bf9aee86cb6835e6812aa7 \
    --hash=sha256:f73b96c41e3b2adedc34a7356e64c8eb96e03a3782b535e043a986276ce12a49 \
    --hash=sha256:fc33c5141b55ed366cfaad382df24fe7dcbc686de5be719b207bb248e3053dc5 \
    --hash=sha256:fe562eb1a64e67dd297ccc4f5addea2501664954f2692b69a76449ec7913ecbf
charset-normalizer==3.5.2 \
    --hash=sha256:195c26fb65950f8fce54e26349852b7bdd7c5f120aeefbcc440b8a20faaed4a3 \
    --hash=sha256:3d21b8b13c7592db2ac5e544a6d83187b995257472b0c9e8351b6d507ae37ed6 \
    --hash=sha256:4275811936e2f06feff5e598fb42a1b7ae852da8e39605211892b56b81a34efd \
    --hash=sha256:6045373d5a89a5ec71afde535db987ca28e76dfa276c2d4c818265b375d4b055 \
    --hash=sha256:75a3ceed0724d625d64b86ca20aba182e4df462e04c2414fc941c0f523f06aac \
    --hash=sha256:b6b751274acb69d77b3323d6b7dbaa3c7fdfc1eb829b7eb61d262f32e1af9685 \
    --hash=sha256:dca9ab98072a5a54ebacebdc45f53e645336b320c667410b061be1ca588ae709 \
    --hash=sha256:ed2a239c0ea213acc1908150a3037257083c7c083128f1a4cec2ec4b97dca491 \
    --hash=sha256:fcff63213e8e6e47770541a4607175404f47cbb3ebea7b6058cc82d524a0e424
click==8.1.8 \
    --hash=sha256:63c132bbbed01578a06712a2d1f497bb62d9c1c0d329b7903a866228027263b2
cryptography==50.0.1 \
    --hash=sha256:30a125032e5642a21ff816e021152bd4e7e94f03eff3f4b7fca41cd22bc3110f \
    --hash=sha256:b8f852c65863251b9e3a1b8c150ce21e59b522dbb6a7d4bc80e680d38388e986 \
    --hash=sha256:ca83d00d9e69cd5eb63f2e69c3a5a59e0cecae5ae14c6ae0b35830fe3b37bad0
importlib_metadata==8.7.1 \
    --hash=sha256:5a1f80bf1daa489495071efbb095d75a634cf28a8bc299581244063b53176151
itsdangerous==2.2.0 \
    --hash=sha256:c6242fc49e35958c8b15141343aa660db5fc54d4f13a1db01a3f5891b98700ef
Jinja2==3.1.6 \
    --hash=sha256:85ece4451f492d0c13c5dd7c13a64681a86afae63a5f347908daf103ce6d2f67
MarkupSafe==3.0.3 \
    --hash=sha256:1085e7fbddd3be5f89cc898938f42c0b3c711fdcb37d75221de2666af647c175 \
    --hash=sha256:116bb52f642a37c115f517494ea5feb03889e04df47eeff5b130b1808ce7c219 \
    --hash=sha256:1353ef0c1b138e1907ae78e2f6c63ff67501122006b0f9abad68fda5f4ffc6ab \
    --hash=sha256:15d939a21d546304880945ca1ecb8a039db6b4dc49b2c5a400387cdae6a62e26 \
    --hash=sha256:1872df69a4de6aead3491198eaf13810b565bdbeec3ae2dc8780f14458ec73ce \
    --hash=sha256:1cc7ea17a6824959616c525620e387f6dd30fec8cb44f649e31712db02123dad \
    --hash=sha256:218551f6df4868a8d527e3062d0fb968682fe92054e89978594c28e642c43a73 \
    --hash=sha256:2f981d352f04553a7171b8e44369f2af4055f888dfb147d55e42d29e29e74559 \
    --hash=sha256:3524b778fe5cfb3452a09d31e7b5adefeea8c5be1d43c4f810ba09f2ceb29d37 \
    --hash=sha256:4bd4cd07944443f5a265608cc6aab442e4f74dff8088b0dfc8238647b8f6ae9a \
    --hash=sha256:c47a551199eb8eb2121d4f0f15ae0f923d31350ab9280078d1e5f12b249e0026 \
    --hash=sha256:d53197da72cc091b024dd97249dfc7794d6a56530370992a5e1a08983ad9230e \
    --hash=sha256:e1c1493fb6e50ab01d20a22826e57520f1284df32f2d8601fdd90b6304601419 \
    --hash=sha256:e1cf1972137e83c5d4c136c43ced9ac51d0e124706ee1c8aa8532c1287fa8795 \
    --hash=sha256:eaa9599de571d72e2daf60164784109f19978b327a3910d3e9de8c97b5b70cfe \
    --hash=sha256:f71a396b3bf33ecaa1626c255855702aca4d3d9fea5e051b41ac59a9c1c41edc
pdfminer.six==20251107 \
    --hash=sha256:c09df33e4cbe6b26b2a79248a4ffcccafaa5c5d39c9fff0e6e81567f165b5401
pillow==11.3.0 \
    --hash=sha256:0b275ff9b04df7b640c59ec5a3cb113eefd3795a8df80bac69646ef699c6981a \
    --hash=sha256:1b9c17fd4ace828b3003dfd1e30bff24863e0eb59b535e8f80194d9cc7ecf860 \
    --hash=sha256:1cd110edf822773368b396281a2293aeb91c90a2db00d78ea43e7e861631b722 \
    --hash=sha256:48d254f8a4c776de343051023eb61ffe818299eeac478da55227d96e241de53f \
    --hash=sha256:4c834a3921375c48ee6b9624061076bc0a32a60b5532b322cc0ea64e639dd50e \
    --hash=sha256:59a03cdf019efbfeeed910bf79c7c93255c3d54bc45898ac2a4140071b02b4ae \
    --hash=sha256:5e05688ccef30ea69b9317a9ead994b93975104a677a36a8ed8106be9260aa6d \
    --hash=sha256:65dc69160114cdd0ca0f35cb434633c75e8e7fad4cf855177a05bf38678f73ad \
    --hash=sha256:7aee118e30a4cf54fdd873bd3a29de51e29105ab11f9aad8c32123f58c8f8081 \
    --hash=sha256:7db51d222548ccfd274e4572fdbf3e810a5e66b00608862f947b163e613b67dd \
    --hash=sha256:921bd305b10e82b4d1f5e802b6850677f965d8394203d182f078873851dada69 \
    --hash=sha256:9c412fddd1b77a75aa904615ebaa6001f169b26fd467b4be93aded278266b288 \
    --hash=sha256:d9da3df5f9ea2a89b81bb6087177fb1f4d1c7146d583a3fe5c672c0d94e55e12 \
    --hash=sha256:ec1ee50470b0d050984394423d96325b744d55c701a439d2bd66089bff963d3c \
    --hash=sha256:f8a5827f84d973d8636e9dc5764af4f0cf2318d26744b3d902931701b0d46653 \
    --hash=sha256:fdae223722da47b024b867c1ea0be64e0df702c5e0a60e27daad39bf960dd1e4
pycparser==2.23 \
    --hash=sha256:e5c6e8d3fbad53479cab09ac03729e0a9faf2bee3db8208a550daf5af81a5934
pypdfium2==5.13.0 \
    --hash=sha256:2abedfb5c70992b19c780ed58d7f7b929e8ce8ee52c9140158f44317c90ec6c7 \
    --hash=sha256:da5c7b74eebf40b5c1fbe1de01aa1edc8827a79fb1efd999616bc20dcaf77ba4
Werkzeug==3.1.9 \
    --hash=sha256:6392e50c78460ba618e5b21f08a71f59c99ce99cdc6cf6e3dd7e6ccca8754fab
zipp==3.23.1 \
    --hash=sha256:0b3596c50a5c700c9cb40ba8d86d9f2cc4807e9bedb06bcdf7fac85633e444dc
typing_extensions==4.16.0 \
    --hash=sha256:481caa481374e813c1b176ada14e97f1f67a4539ce9cfeb3f350d78d6370c2e8
